Microsoft Visual Studio Solution File, Format Version 12.00
# Visual Studio 14
VisualStudioVersion = 14.0.25420.1
MinimumVisualStudioVersion = 10.0.40219.1
Project("{FAE04EC0-301F-11D3-BF4B-00C04F79EFBC}") = "Htc.Vita.Mod.Desktop.net45", "Htc.Vita.Mod.Desktop\Htc.Vita.Mod.Desktop.net45.csproj", "{7F3BF537-B9F1-4639-9CAF-1FD9F3A773C1}"
EndProject
Project("{FAE04EC0-301F-11D3-BF4B-00C04F79EFBC}") = "Htc.Vita.Mod.Desktop.Tests.AnyCPU", "Htc.Vita.Mod.Desktop.Tests\Htc.Vita.Mod.Desktop.Tests.AnyCPU.csproj", "{7A85131A-4A9E-4F0B-8BFB-47B3F87DB8AE}"
EndProject
Project("{FAE04EC0-301F-11D3-BF4B-00C04F79EFBC}") = "Htc.Vita.Mod.Desktop.Tests.x86", "Htc.Vita.Mod.Desktop.Tests\Htc.Vita.Mod.Desktop.Tests.x86.csproj", "{0567BAF0-1BCA-40FC-8B90-12391CC4BEB7}"
EndProject
Global
	GlobalSection(SolutionConfigurationPlatforms) = preSolution
		Debug|AnyCPU = Debug|AnyCPU
		Debug|x86 = Debug|x86
		Release|AnyCPU = Release|AnyCPU
		Release|x86 = Release|x86
	EndGlobalSection
	GlobalSection(ProjectConfigurationPlatforms) = postSolution
		{7F3BF537-B9F1-4639-9CAF-1FD9F3A773C1}.Debug|AnyCPU.ActiveCfg = Debug|Any CPU
		{7F3BF537-B9F1-4639-9CAF-1FD9F3A773C1}.Debug|AnyCPU.Build.0 = Debug|Any CPU
		{7F3BF537-B9F1-4639-9CAF-1FD9F3A773C1}.Debug|x86.ActiveCfg = Debug|Any CPU
		{7F3BF537-B9F1-4639-9CAF-1FD9F3A773C1}.Debug|x86.Build.0 = Debug|Any CPU
		{7F3BF537-B9F1-4639-9CAF-1FD9F3A773C1}.Release|AnyCPU.ActiveCfg = Release|Any CPU
		{7F3BF537-B9F1-4639-9CAF-1FD9F3A773C1}.Release|AnyCPU.Build.0 = Release|Any CPU
		{7F3BF537-B9F1-4639-9CAF-1FD9F3A773C1}.Release|x86.ActiveCfg = Release|Any CPU
		{7F3BF537-B9F1-4639-9CAF-1FD9F3A773C1}.Release|x86.Build.0 = Release|Any CPU
		{7A85131A-4A9E-4F0B-8BFB-47B3F87DB8AE}.Debug|AnyCPU.ActiveCfg = Debug|Any CPU
		{7A85131A-4A9E-4F0B-8BFB-47B3F87DB8AE}.Debug|AnyCPU.Build.0 = Debug|Any CPU
		{7A85131A-4A9E-4F0B-8BFB-47B3F87DB8AE}.Debug|x86.ActiveCfg = Debug|Any CPU
		{7A85131A-4A9E-4F0B-8BFB-47B3F87DB8AE}.Debug|x86.Build.0 = Debug|Any CPU
		{7A85131A-4A9E-4F0B-8BFB-47B3F87DB8AE}.Release|AnyCPU.ActiveCfg = Release|Any CPU
		{7A85131A-4A9E-4F0B-8BFB-47B3F87DB8AE}.Release|AnyCPU.Build.0 = Release|Any CPU
		{7A85131A-4A9E-4F0B-8BFB-47B3F87DB8AE}.Release|x86.ActiveCfg = Release|Any CPU
		{7A85131A-4A9E-4F0B-8BFB-47B3F87DB8AE}.Release|x86.Build.0 = Release|Any CPU
		{0567BAF0-1BCA-40FC-8B90-12391CC4BEB7}.Debug|AnyCPU.ActiveCfg = Debug|x86
		{0567BAF0-1BCA-40FC-8B90-12391CC4BEB7}.Debug|AnyCPU.Build.0 = Debug|x86
		{0567BAF0-1BCA-40FC-8B90-12391CC4BEB7}.Debug|x86.ActiveCfg = Debug|x86
		{0567BAF0-1BCA-40FC-8B90-12391CC4BEB7}.Debug|x86.Build.0 = Debug|x86
		{0567BAF0-1BCA-40FC-8B90-12391CC4BEB7}.Release|AnyCPU.ActiveCfg = Release|x86
		{0567BAF0-1BCA-40FC-8B90-12391CC4BEB7}.Release|AnyCPU.Build.0 = Release|x86
		{0567BAF0-1BCA-40FC-8B90-12391CC4BEB7}.Release|x86.ActiveCfg = Release|x86
		{0567BAF0-1BCA-40FC-8B90-12391CC4BEB7}.Release|x86.Build.0 = Release|x86
	EndGlobalSection
	GlobalSection(SolutionProperties) = preSolution
		HideSolutionNode = FALSE
	EndGlobalSection
EndGlobal
